
Microsoft Visual Studio Solution File, Format Version 12.00
# Visual Studio Version 16
VisualStudioVersion = 16.0.810.22
MinimumVisualStudioVersion = 10.0.40219.1
Project("{FAE04EC0-301F-11D3-BF4B-00C04F79EFBC}") = "udpListenerTemplate", "udpListenerTemplate\udpListenerTemplate.csproj", "{549EE841-6D87-41ED-9AE5-0BDDC23A8700}"
EndProject
Global
	GlobalSection(SolutionConfigurationPlatforms) = preSolution
		Debug|Any CPU = Debug|Any CPU
		Release|Any CPU = Release|Any CPU
	EndGlobalSection
	GlobalSection(ProjectConfigurationPlatforms) = postSolution
		{549EE841-6D87-41ED-9AE5-0BDDC23A8700}.Debug|Any CPU.ActiveCfg = Debug|Any CPU
		{549EE841-6D87-41ED-9AE5-0BDDC23A8700}.Debug|Any CPU.Build.0 = Debug|Any CPU
		{549EE841-6D87-41ED-9AE5-0BDDC23A8700}.Release|Any CPU.ActiveCfg = Release|Any CPU
		{549EE841-6D87-41ED-9AE5-0BDDC23A8700}.Release|Any CPU.Build.0 = Release|Any CPU
	EndGlobalSection
	GlobalSection(SolutionProperties) = preSolution
		HideSolutionNode = FALSE
	EndGlobalSection
	GlobalSection(ExtensibilityGlobals) = postSolution
		SolutionGuid = {F6BD49FA-896C-4658-B988-E6DEE88BD639}
	EndGlobalSection
EndGlobal
