
Microsoft Visual Studio Solution File, Format Version 12.00
# Visual Studio Version 16
VisualStudioVersion = 16.0.810.22
MinimumVisualStudioVersion = 10.0.40219.1
Project("{FAE04EC0-301F-11D3-BF4B-00C04F79EFBC}") = "genericUDPClient", "genericUDPClient\genericUDPClient.csproj", "{2F1D5410-7B97-4414-8AF7-44D41086ABCB}"
EndProject
Global
	GlobalSection(SolutionConfigurationPlatforms) = preSolution
		Debug|Any CPU = Debug|Any CPU
		Release|Any CPU = Release|Any CPU
	EndGlobalSection
	GlobalSection(ProjectConfigurationPlatforms) = postSolution
		{2F1D5410-7B97-4414-8AF7-44D41086ABCB}.Debug|Any CPU.ActiveCfg = Debug|Any CPU
		{2F1D5410-7B97-4414-8AF7-44D41086ABCB}.Debug|Any CPU.Build.0 = Debug|Any CPU
		{2F1D5410-7B97-4414-8AF7-44D41086ABCB}.Release|Any CPU.ActiveCfg = Release|Any CPU
		{2F1D5410-7B97-4414-8AF7-44D41086ABCB}.Release|Any CPU.Build.0 = Release|Any CPU
	EndGlobalSection
	GlobalSection(SolutionProperties) = preSolution
		HideSolutionNode = FALSE
	EndGlobalSection
	GlobalSection(ExtensibilityGlobals) = postSolution
		SolutionGuid = {7EB4067F-6945-4A19-9B4A-E4B3606594A3}
	EndGlobalSection
EndGlobal
